
Microsoft Visual Studio Solution File, Format Version 12.00
# Visual Studio Version 17
VisualStudioVersion = 17.9.34607.119
MinimumVisualStudioVersion = 10.0.40219.1
Project("{9A19103F-16F7-4668-BE54-9A1E7A4F7556}") = "multiUserStore", "Socialager\multiUserStore.csproj", "{AB12A5F5-CC7B-44DA-A4EF-B9915ECF2586}"
EndProject
Global
	GlobalSection(SolutionConfigurationPlatforms) = preSolution
		Debug|Any CPU = Debug|Any CPU
		Release|Any CPU = Release|Any CPU
	EndGlobalSection
	GlobalSection(ProjectConfigurationPlatforms) = postSolution
		{AB12A5F5-CC7B-44DA-A4EF-B9915ECF2586}.Debug|Any CPU.ActiveCfg = Debug|Any CPU
		{AB12A5F5-CC7B-44DA-A4EF-B9915ECF2586}.Debug|Any CPU.Build.0 = Debug|Any CPU
		{AB12A5F5-CC7B-44DA-A4EF-B9915ECF2586}.Release|Any CPU.ActiveCfg = Release|Any CPU
		{AB12A5F5-CC7B-44DA-A4EF-B9915ECF2586}.Release|Any CPU.Build.0 = Release|Any CPU
	EndGlobalSection
	GlobalSection(SolutionProperties) = preSolution
		HideSolutionNode = FALSE
	EndGlobalSection
	GlobalSection(ExtensibilityGlobals) = postSolution
		SolutionGuid = {0EF2BC12-DFB3-4386-9E83-2E41E55C49CD}
	EndGlobalSection
EndGlobal
