
Microsoft Visual Studio Solution File, Format Version 12.00
# Visual Studio Version 17
VisualStudioVersion = 17.9.34607.119
MinimumVisualStudioVersion = 10.0.40219.1
Project("{9A19103F-16F7-4668-BE54-9A1E7A4F7556}") = "multiUserStore", "multiUserStore.csproj", "{1D778D1D-C16B-4D62-A435-B0EF02BA2D4E}"
EndProject
Global
	GlobalSection(SolutionConfigurationPlatforms) = preSolution
		Debug|Any CPU = Debug|Any CPU
		Release|Any CPU = Release|Any CPU
	EndGlobalSection
	GlobalSection(ProjectConfigurationPlatforms) = postSolution
		{1D778D1D-C16B-4D62-A435-B0EF02BA2D4E}.Debug|Any CPU.ActiveCfg = Debug|Any CPU
		{1D778D1D-C16B-4D62-A435-B0EF02BA2D4E}.Debug|Any CPU.Build.0 = Debug|Any CPU
		{1D778D1D-C16B-4D62-A435-B0EF02BA2D4E}.Release|Any CPU.ActiveCfg = Release|Any CPU
		{1D778D1D-C16B-4D62-A435-B0EF02BA2D4E}.Release|Any CPU.Build.0 = Release|Any CPU
	EndGlobalSection
	GlobalSection(SolutionProperties) = preSolution
		HideSolutionNode = FALSE
	EndGlobalSection
	GlobalSection(ExtensibilityGlobals) = postSolution
		SolutionGuid = {8ECA2B81-C9B7-459A-A30A-A599789A201C}
	EndGlobalSection
EndGlobal
